{
  "originHash" : "dd6feb2690ffd77ff339d9a5fad2e345de1700db94816f5b67486e3b479d36cf",
  "pins" : [
    {
      "identity" : "prettyui",
      "kind" : "remoteSourceControl",
      "location" : "https://github.com/ajagatobby/PrettyUI.git",
      "state" : {
        "revision" : "aa85e2c8c595638fa2e75e7a0e9998e897819da4",
        "version" : "1.1.11"
      }
    },
    {
      "identity" : "swiftfulhaptics",
      "kind" : "remoteSourceControl",
      "location" : "https://github.com/SwiftfulThinking/SwiftfulHaptics.git",
      "state" : {
        "revision" : "181943a602277e94217267274a227f5f5042fce3",
        "version" : "2.0.3"
      }
    }
  ],
  "version" : 3
}
